
Microsoft Visual Studio Solution File, Format Version 12.00
# Visual Studio Version 17
VisualStudioVersion = 17.0.32002.185
MinimumVisualStudioVersion = 10.0.40219.1
Project("{FAE04EC0-301F-11D3-BF4B-00C04F79EFBC}") = "InventoryProgram_C968", "InventoryProgram_C968\InventoryProgram_C968.csproj", "{4C911A32-25AB-4A91-ADF8-A3C769580FAA}"
EndProject
Global
	GlobalSection(SolutionConfigurationPlatforms) = preSolution
		Debug|Any CPU = Debug|Any CPU
		Release|Any CPU = Release|Any CPU
	EndGlobalSection
	GlobalSection(ProjectConfigurationPlatforms) = postSolution
		{4C911A32-25AB-4A91-ADF8-A3C769580FAA}.Debug|Any CPU.ActiveCfg = Debug|Any CPU
		{4C911A32-25AB-4A91-ADF8-A3C769580FAA}.Debug|Any CPU.Build.0 = Debug|Any CPU
		{4C911A32-25AB-4A91-ADF8-A3C769580FAA}.Release|Any CPU.ActiveCfg = Release|Any CPU
		{4C911A32-25AB-4A91-ADF8-A3C769580FAA}.Release|Any CPU.Build.0 = Release|Any CPU
	EndGlobalSection
	GlobalSection(SolutionProperties) = preSolution
		HideSolutionNode = FALSE
	EndGlobalSection
	GlobalSection(ExtensibilityGlobals) = postSolution
		SolutionGuid = {826856C1-B860-4374-8427-F0B764AEAA73}
	EndGlobalSection
EndGlobal
